
Microsoft Visual Studio Solution File, Format Version 12.00
# Visual Studio Version 17
VisualStudioVersion = 17.0.31903.59
MinimumVisualStudioVersion = 10.0.40219.1
Project("{2150E333-8FDC-42A3-9474-1A3956D46DE8}") = "src", "src", "{827E0CD3-B72D-47B6-A68D-7590B98EB39B}"
EndProject
Project("{FAE04EC0-301F-11D3-BF4B-00C04F79EFBC}") = "CramCrow.Domain", "src\CramCrow.Domain\CramCrow.Domain.csproj", "{34F3C102-0207-4766-9158-BDB99C29289F}"
EndProject
Project("{FAE04EC0-301F-11D3-BF4B-00C04F79EFBC}") = "CramCrow.Application", "src\CramCrow.Application\CramCrow.Application.csproj", "{1BFE6B7A-A52E-42B1-ACB2-2273766F7480}"
EndProject
Project("{FAE04EC0-301F-11D3-BF4B-00C04F79EFBC}") = "CramCrow.Infrastructure", "src\CramCrow.Infrastructure\CramCrow.Infrastructure.csproj", "{25942734-F836-48DE-8E63-4BA86D57B775}"
EndProject
Project("{FAE04EC0-301F-11D3-BF4B-00C04F79EFBC}") = "CramCrow.API", "src\CramCrow.API\CramCrow.API.csproj", "{B637F345-AC2A-47BA-BAF4-14029296B3B5}"
EndProject
Project("{2150E333-8FDC-42A3-9474-1A3956D46DE8}") = "tests", "tests", "{0AB3BF05-4346-4AA6-1389-037BE0695223}"
EndProject
Project("{FAE04EC0-301F-11D3-BF4B-00C04F79EFBC}") = "CramCrow.Application.Tests", "tests\CramCrow.Application.Tests\CramCrow.Application.Tests.csproj", "{4805C068-9DA7-4BFF-AACD-C411EE7910CC}"
EndProject
Global
	GlobalSection(SolutionConfigurationPlatforms) = preSolution
		Debug|Any CPU = Debug|Any CPU
		Debug|x64 = Debug|x64
		Debug|x86 = Debug|x86
		Release|Any CPU = Release|Any CPU
		Release|x64 = Release|x64
		Release|x86 = Release|x86
	EndGlobalSection
	GlobalSection(ProjectConfigurationPlatforms) = postSolution
		{34F3C102-0207-4766-9158-BDB99C29289F}.Debug|Any CPU.ActiveCfg = Debug|Any CPU
		{34F3C102-0207-4766-9158-BDB99C29289F}.Debug|Any CPU.Build.0 = Debug|Any CPU
		{34F3C102-0207-4766-9158-BDB99C29289F}.Debug|x64.ActiveCfg = Debug|Any CPU
		{34F3C102-0207-4766-9158-BDB99C29289F}.Debug|x64.Build.0 = Debug|Any CPU
		{34F3C102-0207-4766-9158-BDB99C29289F}.Debug|x86.ActiveCfg = Debug|Any CPU
		{34F3C102-0207-4766-9158-BDB99C29289F}.Debug|x86.Build.0 = Debug|Any CPU
		{34F3C102-0207-4766-9158-BDB99C29289F}.Release|Any CPU.ActiveCfg = Release|Any CPU
		{34F3C102-0207-4766-9158-BDB99C29289F}.Release|Any CPU.Build.0 = Release|Any CPU
		{34F3C102-0207-4766-9158-BDB99C29289F}.Release|x64.ActiveCfg = Release|Any CPU
		{34F3C102-0207-4766-9158-BDB99C29289F}.Release|x64.Build.0 = Release|Any CPU
		{34F3C102-0207-4766-9158-BDB99C29289F}.Release|x86.ActiveCfg = Release|Any CPU
		{34F3C102-0207-4766-9158-BDB99C29289F}.Release|x86.Build.0 = Release|Any CPU
		{1BFE6B7A-A52E-42B1-ACB2-2273766F7480}.Debug|Any CPU.ActiveCfg = Debug|Any CPU
		{1BFE6B7A-A52E-42B1-ACB2-2273766F7480}.Debug|Any CPU.Build.0 = Debug|Any CPU
		{1BFE6B7A-A52E-42B1-ACB2-2273766F7480}.Debug|x64.ActiveCfg = Debug|Any CPU
		{1BFE6B7A-A52E-42B1-ACB2-2273766F7480}.Debug|x64.Build.0 = Debug|Any CPU
		{1BFE6B7A-A52E-42B1-ACB2-2273766F7480}.Debug|x86.ActiveCfg = Debug|Any CPU
		{1BFE6B7A-A52E-42B1-ACB2-2273766F7480}.Debug|x86.Build.0 = Debug|Any CPU
		{1BFE6B7A-A52E-42B1-ACB2-2273766F7480}.Release|Any CPU.ActiveCfg = Release|Any CPU
		{1BFE6B7A-A52E-42B1-ACB2-2273766F7480}.Release|Any CPU.Build.0 = Release|Any CPU
		{1BFE6B7A-A52E-42B1-ACB2-2273766F7480}.Release|x64.ActiveCfg = Release|Any CPU
		{1BFE6B7A-A52E-42B1-ACB2-2273766F7480}.Release|x64.Build.0 = Release|Any CPU
		{1BFE6B7A-A52E-42B1-ACB2-2273766F7480}.Release|x86.ActiveCfg = Release|Any CPU
		{1BFE6B7A-A52E-42B1-ACB2-2273766F7480}.Release|x86.Build.0 = Release|Any CPU
		{25942734-F836-48DE-8E63-4BA86D57B775}.Debug|Any CPU.ActiveCfg = Debug|Any CPU
		{25942734-F836-48DE-8E63-4BA86D57B775}.Debug|Any CPU.Build.0 = Debug|Any CPU
		{25942734-F836-48DE-8E63-4BA86D57B775}.Debug|x64.ActiveCfg = Debug|Any CPU
		{25942734-F836-48DE-8E63-4BA86D57B775}.Debug|x64.Build.0 = Debug|Any CPU
		{25942734-F836-48DE-8E63-4BA86D57B775}.Debug|x86.ActiveCfg = Debug|Any CPU
		{25942734-F836-48DE-8E63-4BA86D57B775}.Debug|x86.Build.0 = Debug|Any CPU
		{25942734-F836-48DE-8E63-4BA86D57B775}.Release|Any CPU.ActiveCfg = Release|Any CPU
		{25942734-F836-48DE-8E63-4BA86D57B775}.Release|Any CPU.Build.0 = Release|Any CPU
		{25942734-F836-48DE-8E63-4BA86D57B775}.Release|x64.ActiveCfg = Release|Any CPU
		{25942734-F836-48DE-8E63-4BA86D57B775}.Release|x64.Build.0 = Release|Any CPU
		{25942734-F836-48DE-8E63-4BA86D57B775}.Release|x86.ActiveCfg = Release|Any CPU
		{25942734-F836-48DE-8E63-4BA86D57B775}.Release|x86.Build.0 = Release|Any CPU
		{B637F345-AC2A-47BA-BAF4-14029296B3B5}.Debug|Any CPU.ActiveCfg = Debug|Any CPU
		{B637F345-AC2A-47BA-BAF4-14029296B3B5}.Debug|Any CPU.Build.0 = Debug|Any CPU
		{B637F345-AC2A-47BA-BAF4-14029296B3B5}.Debug|x64.ActiveCfg = Debug|Any CPU
		{B637F345-AC2A-47BA-BAF4-14029296B3B5}.Debug|x64.Build.0 = Debug|Any CPU
		{B637F345-AC2A-47BA-BAF4-14029296B3B5}.Debug|x86.ActiveCfg = Debug|Any CPU
		{B637F345-AC2A-47BA-BAF4-14029296B3B5}.Debug|x86.Build.0 = Debug|Any CPU
		{B637F345-AC2A-47BA-BAF4-14029296B3B5}.Release|Any CPU.ActiveCfg = Release|Any CPU
		{B637F345-AC2A-47BA-BAF4-14029296B3B5}.Release|Any CPU.Build.0 = Release|Any CPU
		{B637F345-AC2A-47BA-BAF4-14029296B3B5}.Release|x64.ActiveCfg = Release|Any CPU
		{B637F345-AC2A-47BA-BAF4-14029296B3B5}.Release|x64.Build.0 = Release|Any CPU
		{B637F345-AC2A-47BA-BAF4-14029296B3B5}.Release|x86.ActiveCfg = Release|Any CPU
		{B637F345-AC2A-47BA-BAF4-14029296B3B5}.Release|x86.Build.0 = Release|Any CPU
		{4805C068-9DA7-4BFF-AACD-C411EE7910CC}.Debug|Any CPU.ActiveCfg = Debug|Any CPU
		{4805C068-9DA7-4BFF-AACD-C411EE7910CC}.Debug|Any CPU.Build.0 = Debug|Any CPU
		{4805C068-9DA7-4BFF-AACD-C411EE7910CC}.Debug|x64.ActiveCfg = Debug|Any CPU
		{4805C068-9DA7-4BFF-AACD-C411EE7910CC}.Debug|x64.Build.0 = Debug|Any CPU
		{4805C068-9DA7-4BFF-AACD-C411EE7910CC}.Debug|x86.ActiveCfg = Debug|Any CPU
		{4805C068-9DA7-4BFF-AACD-C411EE7910CC}.Debug|x86.Build.0 = Debug|Any CPU
		{4805C068-9DA7-4BFF-AACD-C411EE7910CC}.Release|Any CPU.ActiveCfg = Release|Any CPU
		{4805C068-9DA7-4BFF-AACD-C411EE7910CC}.Release|Any CPU.Build.0 = Release|Any CPU
		{4805C068-9DA7-4BFF-AACD-C411EE7910CC}.Release|x64.ActiveCfg = Release|Any CPU
		{4805C068-9DA7-4BFF-AACD-C411EE7910CC}.Release|x64.Build.0 = Release|Any CPU
		{4805C068-9DA7-4BFF-AACD-C411EE7910CC}.Release|x86.ActiveCfg = Release|Any CPU
		{4805C068-9DA7-4BFF-AACD-C411EE7910CC}.Release|x86.Build.0 = Release|Any CPU
	EndGlobalSection
	GlobalSection(SolutionProperties) = preSolution
		HideSolutionNode = FALSE
	EndGlobalSection
	GlobalSection(NestedProjects) = preSolution
		{34F3C102-0207-4766-9158-BDB99C29289F} = {827E0CD3-B72D-47B6-A68D-7590B98EB39B}
		{1BFE6B7A-A52E-42B1-ACB2-2273766F7480} = {827E0CD3-B72D-47B6-A68D-7590B98EB39B}
		{25942734-F836-48DE-8E63-4BA86D57B775} = {827E0CD3-B72D-47B6-A68D-7590B98EB39B}
		{B637F345-AC2A-47BA-BAF4-14029296B3B5} = {827E0CD3-B72D-47B6-A68D-7590B98EB39B}
		{4805C068-9DA7-4BFF-AACD-C411EE7910CC} = {0AB3BF05-4346-4AA6-1389-037BE0695223}
	EndGlobalSection
EndGlobal
